
Microsoft Visual Studio Solution File, Format Version 12.00
# Visual Studio 2015
Project("{FAE04EC0-301F-11D3-BF4B-00C04F79EFBC}") = "saving-god-father.CSharp", "saving-god-father.CSharp.csproj", "{FA404309-0036-2AC7-0016-0E0C9D6FFBB3}"
EndProject
Global
	GlobalSection(SolutionConfigurationPlatforms) = preSolution
		Debug|Any CPU = Debug|Any CPU
		Release|Any CPU = Release|Any CPU
	EndGlobalSection
	GlobalSection(ProjectConfigurationPlatforms) = postSolution
		{FA404309-0036-2AC7-0016-0E0C9D6FFBB3}.Debug|Any CPU.ActiveCfg = Debug|Any CPU
		{FA404309-0036-2AC7-0016-0E0C9D6FFBB3}.Debug|Any CPU.Build.0 = Debug|Any CPU
		{FA404309-0036-2AC7-0016-0E0C9D6FFBB3}.Release|Any CPU.ActiveCfg = Release|Any CPU
		{FA404309-0036-2AC7-0016-0E0C9D6FFBB3}.Release|Any CPU.Build.0 = Release|Any CPU
	EndGlobalSection
	GlobalSection(SolutionProperties) = preSolution
		HideSolutionNode = FALSE
	EndGlobalSection
EndGlobal
